
Microsoft Visual Studio Solution File, Format Version 12.00
# Visual Studio Version 17
VisualStudioVersion = 17.8.34330.188
MinimumVisualStudioVersion = 10.0.40219.1
Project("{9A19103F-16F7-4668-BE54-9A1E7A4F7556}") = "DiscordClone.CenterService.Application", "DiscordClone.CenterService.Application\DiscordClone.CenterService.Application.csproj", "{358A6291-BBF8-4843-805E-DE234298893C}"
EndProject
Project("{9A19103F-16F7-4668-BE54-9A1E7A4F7556}") = "DiscordClone.CenterService.DataAccess", "DiscordClone.CenterService.DataAccess\DiscordClone.CenterService.DataAccess.csproj", "{08CABC07-CF43-4FDE-9C5B-48A899E3AED2}"
EndProject
Project("{9A19103F-16F7-4668-BE54-9A1E7A4F7556}") = "DiscordClone.CenterService.Domain", "DiscordClone.CenterService.Domain\DiscordClone.CenterService.Domain.csproj", "{50377318-26A4-4B71-A962-39CD3B8A9D05}"
EndProject
Project("{9A19103F-16F7-4668-BE54-9A1E7A4F7556}") = "DiscordClone.CenterService.Infrastructure", "DiscordClone.CenterService.Infrastructure\DiscordClone.CenterService.Infrastructure.csproj", "{7CF09BCA-CF10-40EC-8A6C-4CE9F54FC4A3}"
EndProject
Project("{9A19103F-16F7-4668-BE54-9A1E7A4F7556}") = "DiscordClone.CenterService.Service", "DiscordClone.CenterService.Service\DiscordClone.CenterService.Service.csproj", "{00CFBD9D-14AF-4CC3-A3DA-15FA3CD1F5BA}"
EndProject
Global
	GlobalSection(SolutionConfigurationPlatforms) = preSolution
		Debug|Any CPU = Debug|Any CPU
		Release|Any CPU = Release|Any CPU
	EndGlobalSection
	GlobalSection(ProjectConfigurationPlatforms) = postSolution
		{358A6291-BBF8-4843-805E-DE234298893C}.Debug|Any CPU.ActiveCfg = Debug|Any CPU
		{358A6291-BBF8-4843-805E-DE234298893C}.Debug|Any CPU.Build.0 = Debug|Any CPU
		{358A6291-BBF8-4843-805E-DE234298893C}.Release|Any CPU.ActiveCfg = Release|Any CPU
		{358A6291-BBF8-4843-805E-DE234298893C}.Release|Any CPU.Build.0 = Release|Any CPU
		{08CABC07-CF43-4FDE-9C5B-48A899E3AED2}.Debug|Any CPU.ActiveCfg = Debug|Any CPU
		{08CABC07-CF43-4FDE-9C5B-48A899E3AED2}.Debug|Any CPU.Build.0 = Debug|Any CPU
		{08CABC07-CF43-4FDE-9C5B-48A899E3AED2}.Release|Any CPU.ActiveCfg = Release|Any CPU
		{08CABC07-CF43-4FDE-9C5B-48A899E3AED2}.Release|Any CPU.Build.0 = Release|Any CPU
		{50377318-26A4-4B71-A962-39CD3B8A9D05}.Debug|Any CPU.ActiveCfg = Debug|Any CPU
		{50377318-26A4-4B71-A962-39CD3B8A9D05}.Debug|Any CPU.Build.0 = Debug|Any CPU
		{50377318-26A4-4B71-A962-39CD3B8A9D05}.Release|Any CPU.ActiveCfg = Release|Any CPU
		{50377318-26A4-4B71-A962-39CD3B8A9D05}.Release|Any CPU.Build.0 = Release|Any CPU
		{7CF09BCA-CF10-40EC-8A6C-4CE9F54FC4A3}.Debug|Any CPU.ActiveCfg = Debug|Any CPU
		{7CF09BCA-CF10-40EC-8A6C-4CE9F54FC4A3}.Debug|Any CPU.Build.0 = Debug|Any CPU
		{7CF09BCA-CF10-40EC-8A6C-4CE9F54FC4A3}.Release|Any CPU.ActiveCfg = Release|Any CPU
		{7CF09BCA-CF10-40EC-8A6C-4CE9F54FC4A3}.Release|Any CPU.Build.0 = Release|Any CPU
		{00CFBD9D-14AF-4CC3-A3DA-15FA3CD1F5BA}.Debug|Any CPU.ActiveCfg = Debug|Any CPU
		{00CFBD9D-14AF-4CC3-A3DA-15FA3CD1F5BA}.Debug|Any CPU.Build.0 = Debug|Any CPU
		{00CFBD9D-14AF-4CC3-A3DA-15FA3CD1F5BA}.Release|Any CPU.ActiveCfg = Release|Any CPU
		{00CFBD9D-14AF-4CC3-A3DA-15FA3CD1F5BA}.Release|Any CPU.Build.0 = Release|Any CPU
	EndGlobalSection
	GlobalSection(SolutionProperties) = preSolution
		HideSolutionNode = FALSE
	EndGlobalSection
	GlobalSection(ExtensibilityGlobals) = postSolution
		SolutionGuid = {3D19B309-03CE-4185-A743-34970C4C923C}
	EndGlobalSection
EndGlobal
