Microsoft Visual Studio Solution File, Format Version 12.00
# Visual Studio Version 17
VisualStudioVersion = 17.8.0.0
MinimumVisualStudioVersion = 17.8.0.0
Project("{9A19103F-16F7-4668-BE54-9A1E7A4F7556}") = "Discord.AppHost", "Discord.AppHost\Discord.AppHost.csproj", "{58152900-A737-4D72-AC53-FA57149D3F4D}"
EndProject
Project("{9A19103F-16F7-4668-BE54-9A1E7A4F7556}") = "Discord.ServiceDefaults", "Discord.ServiceDefaults\Discord.ServiceDefaults.csproj", "{29F9BF81-E235-4FCA-8615-948DF1E87E25}"
EndProject
Project("{2150E333-8FDC-42A3-9474-1A3956D46DE8}") = "EmailService", "EmailService", "{63F17CA8-4B44-4F85-B24E-C3C593C5148D}"
EndProject
Project("{2150E333-8FDC-42A3-9474-1A3956D46DE8}") = "AuthService", "AuthService", "{B5DCC5C9-CB18-46F3-A966-1FC45A3B7874}"
EndProject
Project("{2150E333-8FDC-42A3-9474-1A3956D46DE8}") = "MessageService", "MessageService", "{93644A0B-0508-4A5D-9B27-7922705E7489}"
EndProject
Project("{2150E333-8FDC-42A3-9474-1A3956D46DE8}") = "CenteralService", "CenteralService", "{5BF1C4A5-1BAD-4053-9419-0B24097F735A}"
EndProject
Project("{9A19103F-16F7-4668-BE54-9A1E7A4F7556}") = "CenteralService.Application", "CenteralService.Application\CenteralService.Application.csproj", "{92682B8C-2F9E-420C-87CD-C8788A7B5A61}"
	ProjectSection(ProjectDependencies) = postProject
		{06A24737-BD65-412C-ACC6-9036B8EF1434} = {06A24737-BD65-412C-ACC6-9036B8EF1434}
		{110A2E07-863E-4D43-B498-B5E3350DCAAE} = {110A2E07-863E-4D43-B498-B5E3350DCAAE}
		{1CB7A0F7-CB86-41E5-97D4-B4E614D3D67B} = {1CB7A0F7-CB86-41E5-97D4-B4E614D3D67B}
		{29F9BF81-E235-4FCA-8615-948DF1E87E25} = {29F9BF81-E235-4FCA-8615-948DF1E87E25}
		{6C6FB214-4827-47FB-801C-7CDBAB8AA6C9} = {6C6FB214-4827-47FB-801C-7CDBAB8AA6C9}
	EndProjectSection
EndProject
Project("{9A19103F-16F7-4668-BE54-9A1E7A4F7556}") = "CenteralService.DataAccess", "CenteralService.DataAccess\CenteralService.DataAccess.csproj", "{06A24737-BD65-412C-ACC6-9036B8EF1434}"
	ProjectSection(ProjectDependencies) = postProject
		{1CB7A0F7-CB86-41E5-97D4-B4E614D3D67B} = {1CB7A0F7-CB86-41E5-97D4-B4E614D3D67B}
		{6C6FB214-4827-47FB-801C-7CDBAB8AA6C9} = {6C6FB214-4827-47FB-801C-7CDBAB8AA6C9}
	EndProjectSection
EndProject
Project("{9A19103F-16F7-4668-BE54-9A1E7A4F7556}") = "CenteralService.Infrastructure", "CenteralService.Infrastructure\CenteralService.Infrastructure.csproj", "{1CB7A0F7-CB86-41E5-97D4-B4E614D3D67B}"
	ProjectSection(ProjectDependencies) = postProject
		{6C6FB214-4827-47FB-801C-7CDBAB8AA6C9} = {6C6FB214-4827-47FB-801C-7CDBAB8AA6C9}
	EndProjectSection
EndProject
Project("{9A19103F-16F7-4668-BE54-9A1E7A4F7556}") = "CenteralService.Service", "CenteralService.Service\CenteralService.Service.csproj", "{110A2E07-863E-4D43-B498-B5E3350DCAAE}"
	ProjectSection(ProjectDependencies) = postProject
		{06A24737-BD65-412C-ACC6-9036B8EF1434} = {06A24737-BD65-412C-ACC6-9036B8EF1434}
		{1CB7A0F7-CB86-41E5-97D4-B4E614D3D67B} = {1CB7A0F7-CB86-41E5-97D4-B4E614D3D67B}
		{6C6FB214-4827-47FB-801C-7CDBAB8AA6C9} = {6C6FB214-4827-47FB-801C-7CDBAB8AA6C9}
	EndProjectSection
EndProject
Project("{9A19103F-16F7-4668-BE54-9A1E7A4F7556}") = "CenteralService.Domain", "CenteralService.Domain\CenteralService.Domain.csproj", "{6C6FB214-4827-47FB-801C-7CDBAB8AA6C9}"
EndProject
Project("{9A19103F-16F7-4668-BE54-9A1E7A4F7556}") = "AuthService.Application", "AuthService.Application\AuthService.Application.csproj", "{DCB725E9-AF4B-437D-81FE-214017E634E3}"
	ProjectSection(ProjectDependencies) = postProject
		{1E008666-801B-4690-A796-5B47AF5F61C6} = {1E008666-801B-4690-A796-5B47AF5F61C6}
		{28810A87-8C59-467A-851E-A89C9631763E} = {28810A87-8C59-467A-851E-A89C9631763E}
		{29F9BF81-E235-4FCA-8615-948DF1E87E25} = {29F9BF81-E235-4FCA-8615-948DF1E87E25}
		{C68EC3E9-C70F-466C-803F-9DB296FD58BB} = {C68EC3E9-C70F-466C-803F-9DB296FD58BB}
		{D807ECDF-9ADC-4199-B087-44932F36E0AC} = {D807ECDF-9ADC-4199-B087-44932F36E0AC}
	EndProjectSection
EndProject
Project("{9A19103F-16F7-4668-BE54-9A1E7A4F7556}") = "AuthService.DataAccess", "AuthService.DataAccess\AuthService.DataAccess.csproj", "{1E008666-801B-4690-A796-5B47AF5F61C6}"
	ProjectSection(ProjectDependencies) = postProject
		{C68EC3E9-C70F-466C-803F-9DB296FD58BB} = {C68EC3E9-C70F-466C-803F-9DB296FD58BB}
		{D807ECDF-9ADC-4199-B087-44932F36E0AC} = {D807ECDF-9ADC-4199-B087-44932F36E0AC}
	EndProjectSection
EndProject
Project("{9A19103F-16F7-4668-BE54-9A1E7A4F7556}") = "AuthService.Domain", "AuthService.Domain\AuthService.Domain.csproj", "{D807ECDF-9ADC-4199-B087-44932F36E0AC}"
EndProject
Project("{9A19103F-16F7-4668-BE54-9A1E7A4F7556}") = "AuthService.Infrastructure", "AuthService.Infrastructure\AuthService.Infrastructure.csproj", "{C68EC3E9-C70F-466C-803F-9DB296FD58BB}"
	ProjectSection(ProjectDependencies) = postProject
		{D807ECDF-9ADC-4199-B087-44932F36E0AC} = {D807ECDF-9ADC-4199-B087-44932F36E0AC}
	EndProjectSection
EndProject
Project("{9A19103F-16F7-4668-BE54-9A1E7A4F7556}") = "AuthService.Service", "AuthService.Service\AuthService.Service.csproj", "{28810A87-8C59-467A-851E-A89C9631763E}"
	ProjectSection(ProjectDependencies) = postProject
		{1E008666-801B-4690-A796-5B47AF5F61C6} = {1E008666-801B-4690-A796-5B47AF5F61C6}
		{C68EC3E9-C70F-466C-803F-9DB296FD58BB} = {C68EC3E9-C70F-466C-803F-9DB296FD58BB}
		{D807ECDF-9ADC-4199-B087-44932F36E0AC} = {D807ECDF-9ADC-4199-B087-44932F36E0AC}
	EndProjectSection
EndProject
Project("{9A19103F-16F7-4668-BE54-9A1E7A4F7556}") = "EmailService.Application", "EmailService.Application\EmailService.Application.csproj", "{E1D40ED4-9ED8-4781-B607-4349260F726F}"
	ProjectSection(ProjectDependencies) = postProject
		{23F9FA40-36F1-47FE-A26E-5BE265342B4B} = {23F9FA40-36F1-47FE-A26E-5BE265342B4B}
		{29F9BF81-E235-4FCA-8615-948DF1E87E25} = {29F9BF81-E235-4FCA-8615-948DF1E87E25}
		{A1179246-40AC-4596-95F3-488D8716816E} = {A1179246-40AC-4596-95F3-488D8716816E}
		{E4D0BD26-57EF-45D9-9774-2C461A7F2B31} = {E4D0BD26-57EF-45D9-9774-2C461A7F2B31}
		{F98C8A47-D90B-4A19-B3B4-B9EB0F1DACAA} = {F98C8A47-D90B-4A19-B3B4-B9EB0F1DACAA}
	EndProjectSection
EndProject
Project("{9A19103F-16F7-4668-BE54-9A1E7A4F7556}") = "EmailService.DataAccess", "EmailService.DataAccess\EmailService.DataAccess.csproj", "{E4D0BD26-57EF-45D9-9774-2C461A7F2B31}"
	ProjectSection(ProjectDependencies) = postProject
		{23F9FA40-36F1-47FE-A26E-5BE265342B4B} = {23F9FA40-36F1-47FE-A26E-5BE265342B4B}
		{F98C8A47-D90B-4A19-B3B4-B9EB0F1DACAA} = {F98C8A47-D90B-4A19-B3B4-B9EB0F1DACAA}
	EndProjectSection
EndProject
Project("{9A19103F-16F7-4668-BE54-9A1E7A4F7556}") = "EmailService.Domain", "EmailService.Domain\EmailService.Domain.csproj", "{F98C8A47-D90B-4A19-B3B4-B9EB0F1DACAA}"
EndProject
Project("{9A19103F-16F7-4668-BE54-9A1E7A4F7556}") = "EmailService.Infrastructure", "EmailService.Infrastructure\EmailService.Infrastructure.csproj", "{23F9FA40-36F1-47FE-A26E-5BE265342B4B}"
	ProjectSection(ProjectDependencies) = postProject
		{F98C8A47-D90B-4A19-B3B4-B9EB0F1DACAA} = {F98C8A47-D90B-4A19-B3B4-B9EB0F1DACAA}
	EndProjectSection
EndProject
Project("{9A19103F-16F7-4668-BE54-9A1E7A4F7556}") = "EmailService.Service", "EmailService.Service\EmailService.Service.csproj", "{A1179246-40AC-4596-95F3-488D8716816E}"
	ProjectSection(ProjectDependencies) = postProject
		{23F9FA40-36F1-47FE-A26E-5BE265342B4B} = {23F9FA40-36F1-47FE-A26E-5BE265342B4B}
		{E4D0BD26-57EF-45D9-9774-2C461A7F2B31} = {E4D0BD26-57EF-45D9-9774-2C461A7F2B31}
		{F98C8A47-D90B-4A19-B3B4-B9EB0F1DACAA} = {F98C8A47-D90B-4A19-B3B4-B9EB0F1DACAA}
	EndProjectSection
EndProject
Project("{9A19103F-16F7-4668-BE54-9A1E7A4F7556}") = "MessageService.DataAccess", "MessageService.DataAccess\MessageService.DataAccess.csproj", "{9254DA5F-42EE-47AF-AE45-2B5911D9350C}"
	ProjectSection(ProjectDependencies) = postProject
		{6DF04EC8-D9F3-4911-BA1A-77577460C443} = {6DF04EC8-D9F3-4911-BA1A-77577460C443}
		{DA72BB29-9B3C-42F3-AA00-425B4FE497D0} = {DA72BB29-9B3C-42F3-AA00-425B4FE497D0}
	EndProjectSection
EndProject
Project("{9A19103F-16F7-4668-BE54-9A1E7A4F7556}") = "MessageService.Application", "MessageService.Application\MessageService.Application.csproj", "{7CE2725B-4D69-4229-8D32-6F666DFDAEB6}"
	ProjectSection(ProjectDependencies) = postProject
		{29F9BF81-E235-4FCA-8615-948DF1E87E25} = {29F9BF81-E235-4FCA-8615-948DF1E87E25}
		{6DF04EC8-D9F3-4911-BA1A-77577460C443} = {6DF04EC8-D9F3-4911-BA1A-77577460C443}
		{9254DA5F-42EE-47AF-AE45-2B5911D9350C} = {9254DA5F-42EE-47AF-AE45-2B5911D9350C}
		{D644C232-0F07-4793-87E4-CC4DD48512CC} = {D644C232-0F07-4793-87E4-CC4DD48512CC}
		{DA72BB29-9B3C-42F3-AA00-425B4FE497D0} = {DA72BB29-9B3C-42F3-AA00-425B4FE497D0}
	EndProjectSection
EndProject
Project("{9A19103F-16F7-4668-BE54-9A1E7A4F7556}") = "MessageService.Domain", "MessageService.Domain\MessageService.Domain.csproj", "{6DF04EC8-D9F3-4911-BA1A-77577460C443}"
EndProject
Project("{9A19103F-16F7-4668-BE54-9A1E7A4F7556}") = "MessageService.Infrastructure", "MessageService.Infrastructure\MessageService.Infrastructure.csproj", "{DA72BB29-9B3C-42F3-AA00-425B4FE497D0}"
	ProjectSection(ProjectDependencies) = postProject
		{6DF04EC8-D9F3-4911-BA1A-77577460C443} = {6DF04EC8-D9F3-4911-BA1A-77577460C443}
	EndProjectSection
EndProject
Project("{9A19103F-16F7-4668-BE54-9A1E7A4F7556}") = "MessageService.Service", "MessageService.Service\MessageService.Service.csproj", "{D644C232-0F07-4793-87E4-CC4DD48512CC}"
	ProjectSection(ProjectDependencies) = postProject
		{6DF04EC8-D9F3-4911-BA1A-77577460C443} = {6DF04EC8-D9F3-4911-BA1A-77577460C443}
		{9254DA5F-42EE-47AF-AE45-2B5911D9350C} = {9254DA5F-42EE-47AF-AE45-2B5911D9350C}
		{DA72BB29-9B3C-42F3-AA00-425B4FE497D0} = {DA72BB29-9B3C-42F3-AA00-425B4FE497D0}
	EndProjectSection
EndProject
Global
	GlobalSection(SolutionConfigurationPlatforms) = preSolution
		Debug|Any CPU = Debug|Any CPU
		Release|Any CPU = Release|Any CPU
	EndGlobalSection
	GlobalSection(ProjectConfigurationPlatforms) = postSolution
		{58152900-A737-4D72-AC53-FA57149D3F4D}.Debug|Any CPU.ActiveCfg = Debug|Any CPU
		{58152900-A737-4D72-AC53-FA57149D3F4D}.Debug|Any CPU.Build.0 = Debug|Any CPU
		{58152900-A737-4D72-AC53-FA57149D3F4D}.Release|Any CPU.ActiveCfg = Release|Any CPU
		{58152900-A737-4D72-AC53-FA57149D3F4D}.Release|Any CPU.Build.0 = Release|Any CPU
		{29F9BF81-E235-4FCA-8615-948DF1E87E25}.Debug|Any CPU.ActiveCfg = Debug|Any CPU
		{29F9BF81-E235-4FCA-8615-948DF1E87E25}.Debug|Any CPU.Build.0 = Debug|Any CPU
		{29F9BF81-E235-4FCA-8615-948DF1E87E25}.Release|Any CPU.ActiveCfg = Release|Any CPU
		{29F9BF81-E235-4FCA-8615-948DF1E87E25}.Release|Any CPU.Build.0 = Release|Any CPU
		{92682B8C-2F9E-420C-87CD-C8788A7B5A61}.Debug|Any CPU.ActiveCfg = Debug|Any CPU
		{92682B8C-2F9E-420C-87CD-C8788A7B5A61}.Debug|Any CPU.Build.0 = Debug|Any CPU
		{92682B8C-2F9E-420C-87CD-C8788A7B5A61}.Release|Any CPU.ActiveCfg = Release|Any CPU
		{92682B8C-2F9E-420C-87CD-C8788A7B5A61}.Release|Any CPU.Build.0 = Release|Any CPU
		{06A24737-BD65-412C-ACC6-9036B8EF1434}.Debug|Any CPU.ActiveCfg = Debug|Any CPU
		{06A24737-BD65-412C-ACC6-9036B8EF1434}.Debug|Any CPU.Build.0 = Debug|Any CPU
		{06A24737-BD65-412C-ACC6-9036B8EF1434}.Release|Any CPU.ActiveCfg = Release|Any CPU
		{06A24737-BD65-412C-ACC6-9036B8EF1434}.Release|Any CPU.Build.0 = Release|Any CPU
		{1CB7A0F7-CB86-41E5-97D4-B4E614D3D67B}.Debug|Any CPU.ActiveCfg = Debug|Any CPU
		{1CB7A0F7-CB86-41E5-97D4-B4E614D3D67B}.Debug|Any CPU.Build.0 = Debug|Any CPU
		{1CB7A0F7-CB86-41E5-97D4-B4E614D3D67B}.Release|Any CPU.ActiveCfg = Release|Any CPU
		{1CB7A0F7-CB86-41E5-97D4-B4E614D3D67B}.Release|Any CPU.Build.0 = Release|Any CPU
		{110A2E07-863E-4D43-B498-B5E3350DCAAE}.Debug|Any CPU.ActiveCfg = Debug|Any CPU
		{110A2E07-863E-4D43-B498-B5E3350DCAAE}.Debug|Any CPU.Build.0 = Debug|Any CPU
		{110A2E07-863E-4D43-B498-B5E3350DCAAE}.Release|Any CPU.ActiveCfg = Release|Any CPU
		{110A2E07-863E-4D43-B498-B5E3350DCAAE}.Release|Any CPU.Build.0 = Release|Any CPU
		{6C6FB214-4827-47FB-801C-7CDBAB8AA6C9}.Debug|Any CPU.ActiveCfg = Debug|Any CPU
		{6C6FB214-4827-47FB-801C-7CDBAB8AA6C9}.Debug|Any CPU.Build.0 = Debug|Any CPU
		{6C6FB214-4827-47FB-801C-7CDBAB8AA6C9}.Release|Any CPU.ActiveCfg = Release|Any CPU
		{6C6FB214-4827-47FB-801C-7CDBAB8AA6C9}.Release|Any CPU.Build.0 = Release|Any CPU
		{DCB725E9-AF4B-437D-81FE-214017E634E3}.Debug|Any CPU.ActiveCfg = Debug|Any CPU
		{DCB725E9-AF4B-437D-81FE-214017E634E3}.Debug|Any CPU.Build.0 = Debug|Any CPU
		{DCB725E9-AF4B-437D-81FE-214017E634E3}.Release|Any CPU.ActiveCfg = Release|Any CPU
		{DCB725E9-AF4B-437D-81FE-214017E634E3}.Release|Any CPU.Build.0 = Release|Any CPU
		{1E008666-801B-4690-A796-5B47AF5F61C6}.Debug|Any CPU.ActiveCfg = Debug|Any CPU
		{1E008666-801B-4690-A796-5B47AF5F61C6}.Debug|Any CPU.Build.0 = Debug|Any CPU
		{1E008666-801B-4690-A796-5B47AF5F61C6}.Release|Any CPU.ActiveCfg = Release|Any CPU
		{1E008666-801B-4690-A796-5B47AF5F61C6}.Release|Any CPU.Build.0 = Release|Any CPU
		{D807ECDF-9ADC-4199-B087-44932F36E0AC}.Debug|Any CPU.ActiveCfg = Debug|Any CPU
		{D807ECDF-9ADC-4199-B087-44932F36E0AC}.Debug|Any CPU.Build.0 = Debug|Any CPU
		{D807ECDF-9ADC-4199-B087-44932F36E0AC}.Release|Any CPU.ActiveCfg = Release|Any CPU
		{D807ECDF-9ADC-4199-B087-44932F36E0AC}.Release|Any CPU.Build.0 = Release|Any CPU
		{C68EC3E9-C70F-466C-803F-9DB296FD58BB}.Debug|Any CPU.ActiveCfg = Debug|Any CPU
		{C68EC3E9-C70F-466C-803F-9DB296FD58BB}.Debug|Any CPU.Build.0 = Debug|Any CPU
		{C68EC3E9-C70F-466C-803F-9DB296FD58BB}.Release|Any CPU.ActiveCfg = Release|Any CPU
		{C68EC3E9-C70F-466C-803F-9DB296FD58BB}.Release|Any CPU.Build.0 = Release|Any CPU
		{28810A87-8C59-467A-851E-A89C9631763E}.Debug|Any CPU.ActiveCfg = Debug|Any CPU
		{28810A87-8C59-467A-851E-A89C9631763E}.Debug|Any CPU.Build.0 = Debug|Any CPU
		{28810A87-8C59-467A-851E-A89C9631763E}.Release|Any CPU.ActiveCfg = Release|Any CPU
		{28810A87-8C59-467A-851E-A89C9631763E}.Release|Any CPU.Build.0 = Release|Any CPU
		{E1D40ED4-9ED8-4781-B607-4349260F726F}.Debug|Any CPU.ActiveCfg = Debug|Any CPU
		{E1D40ED4-9ED8-4781-B607-4349260F726F}.Debug|Any CPU.Build.0 = Debug|Any CPU
		{E1D40ED4-9ED8-4781-B607-4349260F726F}.Release|Any CPU.ActiveCfg = Release|Any CPU
		{E1D40ED4-9ED8-4781-B607-4349260F726F}.Release|Any CPU.Build.0 = Release|Any CPU
		{E4D0BD26-57EF-45D9-9774-2C461A7F2B31}.Debug|Any CPU.ActiveCfg = Debug|Any CPU
		{E4D0BD26-57EF-45D9-9774-2C461A7F2B31}.Debug|Any CPU.Build.0 = Debug|Any CPU
		{E4D0BD26-57EF-45D9-9774-2C461A7F2B31}.Release|Any CPU.ActiveCfg = Release|Any CPU
		{E4D0BD26-57EF-45D9-9774-2C461A7F2B31}.Release|Any CPU.Build.0 = Release|Any CPU
		{F98C8A47-D90B-4A19-B3B4-B9EB0F1DACAA}.Debug|Any CPU.ActiveCfg = Debug|Any CPU
		{F98C8A47-D90B-4A19-B3B4-B9EB0F1DACAA}.Debug|Any CPU.Build.0 = Debug|Any CPU
		{F98C8A47-D90B-4A19-B3B4-B9EB0F1DACAA}.Release|Any CPU.ActiveCfg = Release|Any CPU
		{F98C8A47-D90B-4A19-B3B4-B9EB0F1DACAA}.Release|Any CPU.Build.0 = Release|Any CPU
		{23F9FA40-36F1-47FE-A26E-5BE265342B4B}.Debug|Any CPU.ActiveCfg = Debug|Any CPU
		{23F9FA40-36F1-47FE-A26E-5BE265342B4B}.Debug|Any CPU.Build.0 = Debug|Any CPU
		{23F9FA40-36F1-47FE-A26E-5BE265342B4B}.Release|Any CPU.ActiveCfg = Release|Any CPU
		{23F9FA40-36F1-47FE-A26E-5BE265342B4B}.Release|Any CPU.Build.0 = Release|Any CPU
		{A1179246-40AC-4596-95F3-488D8716816E}.Debug|Any CPU.ActiveCfg = Debug|Any CPU
		{A1179246-40AC-4596-95F3-488D8716816E}.Debug|Any CPU.Build.0 = Debug|Any CPU
		{A1179246-40AC-4596-95F3-488D8716816E}.Release|Any CPU.ActiveCfg = Release|Any CPU
		{A1179246-40AC-4596-95F3-488D8716816E}.Release|Any CPU.Build.0 = Release|Any CPU
		{9254DA5F-42EE-47AF-AE45-2B5911D9350C}.Debug|Any CPU.ActiveCfg = Debug|Any CPU
		{9254DA5F-42EE-47AF-AE45-2B5911D9350C}.Debug|Any CPU.Build.0 = Debug|Any CPU
		{9254DA5F-42EE-47AF-AE45-2B5911D9350C}.Release|Any CPU.ActiveCfg = Release|Any CPU
		{9254DA5F-42EE-47AF-AE45-2B5911D9350C}.Release|Any CPU.Build.0 = Release|Any CPU
		{7CE2725B-4D69-4229-8D32-6F666DFDAEB6}.Debug|Any CPU.ActiveCfg = Debug|Any CPU
		{7CE2725B-4D69-4229-8D32-6F666DFDAEB6}.Debug|Any CPU.Build.0 = Debug|Any CPU
		{7CE2725B-4D69-4229-8D32-6F666DFDAEB6}.Release|Any CPU.ActiveCfg = Release|Any CPU
		{7CE2725B-4D69-4229-8D32-6F666DFDAEB6}.Release|Any CPU.Build.0 = Release|Any CPU
		{6DF04EC8-D9F3-4911-BA1A-77577460C443}.Debug|Any CPU.ActiveCfg = Debug|Any CPU
		{6DF04EC8-D9F3-4911-BA1A-77577460C443}.Debug|Any CPU.Build.0 = Debug|Any CPU
		{6DF04EC8-D9F3-4911-BA1A-77577460C443}.Release|Any CPU.ActiveCfg = Release|Any CPU
		{6DF04EC8-D9F3-4911-BA1A-77577460C443}.Release|Any CPU.Build.0 = Release|Any CPU
		{DA72BB29-9B3C-42F3-AA00-425B4FE497D0}.Debug|Any CPU.ActiveCfg = Debug|Any CPU
		{DA72BB29-9B3C-42F3-AA00-425B4FE497D0}.Debug|Any CPU.Build.0 = Debug|Any CPU
		{DA72BB29-9B3C-42F3-AA00-425B4FE497D0}.Release|Any CPU.ActiveCfg = Release|Any CPU
		{DA72BB29-9B3C-42F3-AA00-425B4FE497D0}.Release|Any CPU.Build.0 = Release|Any CPU
		{D644C232-0F07-4793-87E4-CC4DD48512CC}.Debug|Any CPU.ActiveCfg = Debug|Any CPU
		{D644C232-0F07-4793-87E4-CC4DD48512CC}.Debug|Any CPU.Build.0 = Debug|Any CPU
		{D644C232-0F07-4793-87E4-CC4DD48512CC}.Release|Any CPU.ActiveCfg = Release|Any CPU
		{D644C232-0F07-4793-87E4-CC4DD48512CC}.Release|Any CPU.Build.0 = Release|Any CPU
	EndGlobalSection
	GlobalSection(SolutionProperties) = preSolution
		HideSolutionNode = FALSE
	EndGlobalSection
	GlobalSection(NestedProjects) = preSolution
		{92682B8C-2F9E-420C-87CD-C8788A7B5A61} = {5BF1C4A5-1BAD-4053-9419-0B24097F735A}
		{06A24737-BD65-412C-ACC6-9036B8EF1434} = {5BF1C4A5-1BAD-4053-9419-0B24097F735A}
		{1CB7A0F7-CB86-41E5-97D4-B4E614D3D67B} = {5BF1C4A5-1BAD-4053-9419-0B24097F735A}
		{110A2E07-863E-4D43-B498-B5E3350DCAAE} = {5BF1C4A5-1BAD-4053-9419-0B24097F735A}
		{6C6FB214-4827-47FB-801C-7CDBAB8AA6C9} = {5BF1C4A5-1BAD-4053-9419-0B24097F735A}
		{DCB725E9-AF4B-437D-81FE-214017E634E3} = {B5DCC5C9-CB18-46F3-A966-1FC45A3B7874}
		{1E008666-801B-4690-A796-5B47AF5F61C6} = {B5DCC5C9-CB18-46F3-A966-1FC45A3B7874}
		{D807ECDF-9ADC-4199-B087-44932F36E0AC} = {B5DCC5C9-CB18-46F3-A966-1FC45A3B7874}
		{C68EC3E9-C70F-466C-803F-9DB296FD58BB} = {B5DCC5C9-CB18-46F3-A966-1FC45A3B7874}
		{28810A87-8C59-467A-851E-A89C9631763E} = {B5DCC5C9-CB18-46F3-A966-1FC45A3B7874}
		{E1D40ED4-9ED8-4781-B607-4349260F726F} = {63F17CA8-4B44-4F85-B24E-C3C593C5148D}
		{E4D0BD26-57EF-45D9-9774-2C461A7F2B31} = {63F17CA8-4B44-4F85-B24E-C3C593C5148D}
		{F98C8A47-D90B-4A19-B3B4-B9EB0F1DACAA} = {63F17CA8-4B44-4F85-B24E-C3C593C5148D}
		{23F9FA40-36F1-47FE-A26E-5BE265342B4B} = {63F17CA8-4B44-4F85-B24E-C3C593C5148D}
		{A1179246-40AC-4596-95F3-488D8716816E} = {63F17CA8-4B44-4F85-B24E-C3C593C5148D}
		{9254DA5F-42EE-47AF-AE45-2B5911D9350C} = {93644A0B-0508-4A5D-9B27-7922705E7489}
		{7CE2725B-4D69-4229-8D32-6F666DFDAEB6} = {93644A0B-0508-4A5D-9B27-7922705E7489}
		{6DF04EC8-D9F3-4911-BA1A-77577460C443} = {93644A0B-0508-4A5D-9B27-7922705E7489}
		{DA72BB29-9B3C-42F3-AA00-425B4FE497D0} = {93644A0B-0508-4A5D-9B27-7922705E7489}
		{D644C232-0F07-4793-87E4-CC4DD48512CC} = {93644A0B-0508-4A5D-9B27-7922705E7489}
	EndGlobalSection
	GlobalSection(ExtensibilityGlobals) = postSolution
		SolutionGuid = {72580A0E-F8B7-4B48-BA2E-CF7A44FB5B60}
	EndGlobalSection
EndGlobal
