
Microsoft Visual Studio Solution File, Format Version 12.00
# Visual Studio Version 17
VisualStudioVersion = 17.8.34330.188
MinimumVisualStudioVersion = 10.0.40219.1
Project("{9A19103F-16F7-4668-BE54-9A1E7A4F7556}") = "DiscordClone.LoadBalancer.Application", "DiscordClone.LoadBalancer.Application\DiscordClone.LoadBalancer.Application.csproj", "{80B2E7BE-EB92-4DE3-B758-ECE99F7408B6}"
EndProject
Project("{FAE04EC0-301F-11D3-BF4B-00C04F79EFBC}") = "DiscordClone.LoadBalancer.Infrastructure", "DiscordClone.LoadBalancer.Infrastructure\DiscordClone.LoadBalancer.Infrastructure.csproj", "{7CC82B5B-CB15-42FD-9814-1C0F969C6A6A}"
EndProject
Project("{FAE04EC0-301F-11D3-BF4B-00C04F79EFBC}") = "DiscordClone.LoadBalaner.Domain", "DiscordClone.LoadBalaner.Core\DiscordClone.LoadBalaner.Domain.csproj", "{1E9DE40F-F150-481E-AA49-3C095F4BACAF}"
EndProject
Project("{FAE04EC0-301F-11D3-BF4B-00C04F79EFBC}") = "DiscordClone.LoadBalancer.DataAccess", "DiscordClone.LoadBalancer.DataAccess\DiscordClone.LoadBalancer.DataAccess.csproj", "{2795E1EF-B25C-43F9-8A1D-78EA5747BE58}"
EndProject
Project("{FAE04EC0-301F-11D3-BF4B-00C04F79EFBC}") = "DiscordClone.LoadBalancer.Service", "DiscordClone.LoadBalancer.Service\DiscordClone.LoadBalancer.Service.csproj", "{1CDD4644-D503-4C62-8D54-54F98B3A80DE}"
EndProject
Global
	GlobalSection(SolutionConfigurationPlatforms) = preSolution
		Debug|Any CPU = Debug|Any CPU
		Release|Any CPU = Release|Any CPU
	EndGlobalSection
	GlobalSection(ProjectConfigurationPlatforms) = postSolution
		{80B2E7BE-EB92-4DE3-B758-ECE99F7408B6}.Debug|Any CPU.ActiveCfg = Debug|Any CPU
		{80B2E7BE-EB92-4DE3-B758-ECE99F7408B6}.Debug|Any CPU.Build.0 = Debug|Any CPU
		{80B2E7BE-EB92-4DE3-B758-ECE99F7408B6}.Release|Any CPU.ActiveCfg = Release|Any CPU
		{80B2E7BE-EB92-4DE3-B758-ECE99F7408B6}.Release|Any CPU.Build.0 = Release|Any CPU
		{7CC82B5B-CB15-42FD-9814-1C0F969C6A6A}.Debug|Any CPU.ActiveCfg = Debug|Any CPU
		{7CC82B5B-CB15-42FD-9814-1C0F969C6A6A}.Debug|Any CPU.Build.0 = Debug|Any CPU
		{7CC82B5B-CB15-42FD-9814-1C0F969C6A6A}.Release|Any CPU.ActiveCfg = Release|Any CPU
		{7CC82B5B-CB15-42FD-9814-1C0F969C6A6A}.Release|Any CPU.Build.0 = Release|Any CPU
		{1E9DE40F-F150-481E-AA49-3C095F4BACAF}.Debug|Any CPU.ActiveCfg = Debug|Any CPU
		{1E9DE40F-F150-481E-AA49-3C095F4BACAF}.Debug|Any CPU.Build.0 = Debug|Any CPU
		{1E9DE40F-F150-481E-AA49-3C095F4BACAF}.Release|Any CPU.ActiveCfg = Release|Any CPU
		{1E9DE40F-F150-481E-AA49-3C095F4BACAF}.Release|Any CPU.Build.0 = Release|Any CPU
		{2795E1EF-B25C-43F9-8A1D-78EA5747BE58}.Debug|Any CPU.ActiveCfg = Debug|Any CPU
		{2795E1EF-B25C-43F9-8A1D-78EA5747BE58}.Debug|Any CPU.Build.0 = Debug|Any CPU
		{2795E1EF-B25C-43F9-8A1D-78EA5747BE58}.Release|Any CPU.ActiveCfg = Release|Any CPU
		{2795E1EF-B25C-43F9-8A1D-78EA5747BE58}.Release|Any CPU.Build.0 = Release|Any CPU
		{1CDD4644-D503-4C62-8D54-54F98B3A80DE}.Debug|Any CPU.ActiveCfg = Debug|Any CPU
		{1CDD4644-D503-4C62-8D54-54F98B3A80DE}.Debug|Any CPU.Build.0 = Debug|Any CPU
		{1CDD4644-D503-4C62-8D54-54F98B3A80DE}.Release|Any CPU.ActiveCfg = Release|Any CPU
		{1CDD4644-D503-4C62-8D54-54F98B3A80DE}.Release|Any CPU.Build.0 = Release|Any CPU
	EndGlobalSection
	GlobalSection(SolutionProperties) = preSolution
		HideSolutionNode = FALSE
	EndGlobalSection
	GlobalSection(ExtensibilityGlobals) = postSolution
		SolutionGuid = {3D19B309-03CE-4185-A743-34970C4C923C}
	EndGlobalSection
EndGlobal
