
Microsoft Visual Studio Solution File, Format Version 12.00
# Visual Studio Version 17
VisualStudioVersion = 17.8.34330.188
MinimumVisualStudioVersion = 10.0.40219.1
Project("{9A19103F-16F7-4668-BE54-9A1E7A4F7556}") = "DiscordClone.MessageService.Application", "DiscordClone.MessageService.Application\DiscordClone.MessageService.Application.csproj", "{95CFB271-63D7-4FE9-9CEE-B15FAA5FD138}"
EndProject
Project("{9A19103F-16F7-4668-BE54-9A1E7A4F7556}") = "DiscordClone.MessageService.Domain", "DiscordClone.MessageService.Domain\DiscordClone.MessageService.Domain.csproj", "{171E804A-C393-4E40-B954-A6F3A086C645}"
EndProject
Project("{9A19103F-16F7-4668-BE54-9A1E7A4F7556}") = "DiscordClone.MessageService.Infrastructure", "DiscordClone.MessageService.Infrastructure\DiscordClone.MessageService.Infrastructure.csproj", "{B5B7DE67-F173-4EBC-B9EF-BF111C4DB787}"
EndProject
Project("{FAE04EC0-301F-11D3-BF4B-00C04F79EFBC}") = "DiscordClone.MessageService.DataAccess", "DiscordClone.MessageService.DataAccess\DiscordClone.MessageService.DataAccess.csproj", "{BD341404-A10E-49FA-80C8-AC5AE64B3CAB}"
EndProject
Project("{FAE04EC0-301F-11D3-BF4B-00C04F79EFBC}") = "DiscordClone.MessageService.Service", "DiscordClone.MessageService.Service\DiscordClone.MessageService.Service.csproj", "{876346BA-7CB9-4E91-B009-B0817065389E}"
EndProject
Global
	GlobalSection(SolutionConfigurationPlatforms) = preSolution
		Debug|Any CPU = Debug|Any CPU
		Release|Any CPU = Release|Any CPU
	EndGlobalSection
	GlobalSection(ProjectConfigurationPlatforms) = postSolution
		{95CFB271-63D7-4FE9-9CEE-B15FAA5FD138}.Debug|Any CPU.ActiveCfg = Debug|Any CPU
		{95CFB271-63D7-4FE9-9CEE-B15FAA5FD138}.Debug|Any CPU.Build.0 = Debug|Any CPU
		{95CFB271-63D7-4FE9-9CEE-B15FAA5FD138}.Release|Any CPU.ActiveCfg = Release|Any CPU
		{95CFB271-63D7-4FE9-9CEE-B15FAA5FD138}.Release|Any CPU.Build.0 = Release|Any CPU
		{171E804A-C393-4E40-B954-A6F3A086C645}.Debug|Any CPU.ActiveCfg = Debug|Any CPU
		{171E804A-C393-4E40-B954-A6F3A086C645}.Debug|Any CPU.Build.0 = Debug|Any CPU
		{171E804A-C393-4E40-B954-A6F3A086C645}.Release|Any CPU.ActiveCfg = Release|Any CPU
		{171E804A-C393-4E40-B954-A6F3A086C645}.Release|Any CPU.Build.0 = Release|Any CPU
		{B5B7DE67-F173-4EBC-B9EF-BF111C4DB787}.Debug|Any CPU.ActiveCfg = Debug|Any CPU
		{B5B7DE67-F173-4EBC-B9EF-BF111C4DB787}.Debug|Any CPU.Build.0 = Debug|Any CPU
		{B5B7DE67-F173-4EBC-B9EF-BF111C4DB787}.Release|Any CPU.ActiveCfg = Release|Any CPU
		{B5B7DE67-F173-4EBC-B9EF-BF111C4DB787}.Release|Any CPU.Build.0 = Release|Any CPU
		{BD341404-A10E-49FA-80C8-AC5AE64B3CAB}.Debug|Any CPU.ActiveCfg = Debug|Any CPU
		{BD341404-A10E-49FA-80C8-AC5AE64B3CAB}.Debug|Any CPU.Build.0 = Debug|Any CPU
		{BD341404-A10E-49FA-80C8-AC5AE64B3CAB}.Release|Any CPU.ActiveCfg = Release|Any CPU
		{BD341404-A10E-49FA-80C8-AC5AE64B3CAB}.Release|Any CPU.Build.0 = Release|Any CPU
		{876346BA-7CB9-4E91-B009-B0817065389E}.Debug|Any CPU.ActiveCfg = Debug|Any CPU
		{876346BA-7CB9-4E91-B009-B0817065389E}.Debug|Any CPU.Build.0 = Debug|Any CPU
		{876346BA-7CB9-4E91-B009-B0817065389E}.Release|Any CPU.ActiveCfg = Release|Any CPU
		{876346BA-7CB9-4E91-B009-B0817065389E}.Release|Any CPU.Build.0 = Release|Any CPU
	EndGlobalSection
	GlobalSection(SolutionProperties) = preSolution
		HideSolutionNode = FALSE
	EndGlobalSection
	GlobalSection(ExtensibilityGlobals) = postSolution
		SolutionGuid = {8624F9FE-E704-42BE-8855-6B8A9759DA02}
	EndGlobalSection
EndGlobal
