
Microsoft Visual Studio Solution File, Format Version 12.00
# Visual Studio Version 17
VisualStudioVersion = 17.8.34330.188
MinimumVisualStudioVersion = 10.0.40219.1
Project("{FAE04EC0-301F-11D3-BF4B-00C04F79EFBC}") = "DiscordClone.EmailService.Application", "DiscordClone.EmailService.Application\DiscordClone.EmailService.Application.csproj", "{3DEB3EA5-4EAA-4298-BA6F-EDDBF4E9F7A9}"
EndProject
Project("{FAE04EC0-301F-11D3-BF4B-00C04F79EFBC}") = "DiscordClone.EmailService.Domain", "DiscordClone.EmailService.Domain\DiscordClone.EmailService.Domain.csproj", "{BBD27342-5A4A-4634-9349-107D18EEF58C}"
EndProject
Project("{FAE04EC0-301F-11D3-BF4B-00C04F79EFBC}") = "DiscordClone.EmailService.Infrastructure", "DiscordClone.EmailService.Infrastructure\DiscordClone.EmailService.Infrastructure.csproj", "{D9AC1D42-75A5-4801-8B39-FBF963C1EE25}"
EndProject
Project("{FAE04EC0-301F-11D3-BF4B-00C04F79EFBC}") = "DiscordClone.EmailService.DataAccess", "DiscordClone.EmailService.DataAccess\DiscordClone.EmailService.DataAccess.csproj", "{A55AB3CD-A7A7-4EC6-AA02-9BE7E8BE75BE}"
EndProject
Project("{FAE04EC0-301F-11D3-BF4B-00C04F79EFBC}") = "DiscordClone.EmailService.Service", "DiscordClone.EmailService.Service\DiscordClone.EmailService.Service.csproj", "{C3A7BA12-30B3-470D-83B9-CA9634CAB385}"
EndProject
Global
	GlobalSection(SolutionConfigurationPlatforms) = preSolution
		Debug|Any CPU = Debug|Any CPU
		Release|Any CPU = Release|Any CPU
	EndGlobalSection
	GlobalSection(ProjectConfigurationPlatforms) = postSolution
		{3DEB3EA5-4EAA-4298-BA6F-EDDBF4E9F7A9}.Debug|Any CPU.ActiveCfg = Debug|Any CPU
		{3DEB3EA5-4EAA-4298-BA6F-EDDBF4E9F7A9}.Debug|Any CPU.Build.0 = Debug|Any CPU
		{3DEB3EA5-4EAA-4298-BA6F-EDDBF4E9F7A9}.Release|Any CPU.ActiveCfg = Release|Any CPU
		{3DEB3EA5-4EAA-4298-BA6F-EDDBF4E9F7A9}.Release|Any CPU.Build.0 = Release|Any CPU
		{BBD27342-5A4A-4634-9349-107D18EEF58C}.Debug|Any CPU.ActiveCfg = Debug|Any CPU
		{BBD27342-5A4A-4634-9349-107D18EEF58C}.Debug|Any CPU.Build.0 = Debug|Any CPU
		{BBD27342-5A4A-4634-9349-107D18EEF58C}.Release|Any CPU.ActiveCfg = Release|Any CPU
		{BBD27342-5A4A-4634-9349-107D18EEF58C}.Release|Any CPU.Build.0 = Release|Any CPU
		{D9AC1D42-75A5-4801-8B39-FBF963C1EE25}.Debug|Any CPU.ActiveCfg = Debug|Any CPU
		{D9AC1D42-75A5-4801-8B39-FBF963C1EE25}.Debug|Any CPU.Build.0 = Debug|Any CPU
		{D9AC1D42-75A5-4801-8B39-FBF963C1EE25}.Release|Any CPU.ActiveCfg = Release|Any CPU
		{D9AC1D42-75A5-4801-8B39-FBF963C1EE25}.Release|Any CPU.Build.0 = Release|Any CPU
		{A55AB3CD-A7A7-4EC6-AA02-9BE7E8BE75BE}.Debug|Any CPU.ActiveCfg = Debug|Any CPU
		{A55AB3CD-A7A7-4EC6-AA02-9BE7E8BE75BE}.Debug|Any CPU.Build.0 = Debug|Any CPU
		{A55AB3CD-A7A7-4EC6-AA02-9BE7E8BE75BE}.Release|Any CPU.ActiveCfg = Release|Any CPU
		{A55AB3CD-A7A7-4EC6-AA02-9BE7E8BE75BE}.Release|Any CPU.Build.0 = Release|Any CPU
		{C3A7BA12-30B3-470D-83B9-CA9634CAB385}.Debug|Any CPU.ActiveCfg = Debug|Any CPU
		{C3A7BA12-30B3-470D-83B9-CA9634CAB385}.Debug|Any CPU.Build.0 = Debug|Any CPU
		{C3A7BA12-30B3-470D-83B9-CA9634CAB385}.Release|Any CPU.ActiveCfg = Release|Any CPU
		{C3A7BA12-30B3-470D-83B9-CA9634CAB385}.Release|Any CPU.Build.0 = Release|Any CPU
	EndGlobalSection
	GlobalSection(SolutionProperties) = preSolution
		HideSolutionNode = FALSE
	EndGlobalSection
	GlobalSection(ExtensibilityGlobals) = postSolution
		SolutionGuid = {529AC342-F9D1-4E3B-AEF7-89D96C9C7861}
	EndGlobalSection
EndGlobal
