
Microsoft Visual Studio Solution File, Format Version 12.00
# Visual Studio Version 17
VisualStudioVersion = 17.8.34330.188
MinimumVisualStudioVersion = 10.0.40219.1
Project("{9A19103F-16F7-4668-BE54-9A1E7A4F7556}") = "DiscordClone.AuthService.Application", "DiscordClone.AuthService.Application\DiscordClone.AuthService.Application.csproj", "{09236388-12C9-469A-95D4-FCF97A50533D}"
EndProject
Project("{FAE04EC0-301F-11D3-BF4B-00C04F79EFBC}") = "DiscordClone.AuthService.Infrastructure", "DiscordClone.AuthService.Infrastructure\DiscordClone.AuthService.Infrastructure.csproj", "{134E2172-10EA-44A1-A14B-83DBC194A6D2}"
EndProject
Project("{FAE04EC0-301F-11D3-BF4B-00C04F79EFBC}") = "DiscordClone.AuthService.DataAccess", "DiscordClone.AuthService.DataAccess\DiscordClone.AuthService.DataAccess.csproj", "{E070E51F-AC50-46C8-854A-7DD7C8B05219}"
EndProject
Project("{FAE04EC0-301F-11D3-BF4B-00C04F79EFBC}") = "DiscordClone.AuthService.Domain", "DiscordClone.AuthService.Domain\DiscordClone.AuthService.Domain.csproj", "{3E95BB7D-1CAB-47E0-9135-159C50F6F888}"
EndProject
Project("{9A19103F-16F7-4668-BE54-9A1E7A4F7556}") = "DiscordClone.AuthService.Service", "DiscordClone.AuthService.Service\DiscordClone.AuthService.Service.csproj", "{8347FE85-DC4E-4E79-911F-B66F9BA475E6}"
EndProject
Global
	GlobalSection(SolutionConfigurationPlatforms) = preSolution
		Debug|Any CPU = Debug|Any CPU
		Release|Any CPU = Release|Any CPU
	EndGlobalSection
	GlobalSection(ProjectConfigurationPlatforms) = postSolution
		{09236388-12C9-469A-95D4-FCF97A50533D}.Debug|Any CPU.ActiveCfg = Debug|Any CPU
		{09236388-12C9-469A-95D4-FCF97A50533D}.Debug|Any CPU.Build.0 = Debug|Any CPU
		{09236388-12C9-469A-95D4-FCF97A50533D}.Release|Any CPU.ActiveCfg = Release|Any CPU
		{09236388-12C9-469A-95D4-FCF97A50533D}.Release|Any CPU.Build.0 = Release|Any CPU
		{134E2172-10EA-44A1-A14B-83DBC194A6D2}.Debug|Any CPU.ActiveCfg = Debug|Any CPU
		{134E2172-10EA-44A1-A14B-83DBC194A6D2}.Debug|Any CPU.Build.0 = Debug|Any CPU
		{134E2172-10EA-44A1-A14B-83DBC194A6D2}.Release|Any CPU.ActiveCfg = Release|Any CPU
		{134E2172-10EA-44A1-A14B-83DBC194A6D2}.Release|Any CPU.Build.0 = Release|Any CPU
		{E070E51F-AC50-46C8-854A-7DD7C8B05219}.Debug|Any CPU.ActiveCfg = Debug|Any CPU
		{E070E51F-AC50-46C8-854A-7DD7C8B05219}.Debug|Any CPU.Build.0 = Debug|Any CPU
		{E070E51F-AC50-46C8-854A-7DD7C8B05219}.Release|Any CPU.ActiveCfg = Release|Any CPU
		{E070E51F-AC50-46C8-854A-7DD7C8B05219}.Release|Any CPU.Build.0 = Release|Any CPU
		{3E95BB7D-1CAB-47E0-9135-159C50F6F888}.Debug|Any CPU.ActiveCfg = Debug|Any CPU
		{3E95BB7D-1CAB-47E0-9135-159C50F6F888}.Debug|Any CPU.Build.0 = Debug|Any CPU
		{3E95BB7D-1CAB-47E0-9135-159C50F6F888}.Release|Any CPU.ActiveCfg = Release|Any CPU
		{3E95BB7D-1CAB-47E0-9135-159C50F6F888}.Release|Any CPU.Build.0 = Release|Any CPU
		{8347FE85-DC4E-4E79-911F-B66F9BA475E6}.Debug|Any CPU.ActiveCfg = Debug|Any CPU
		{8347FE85-DC4E-4E79-911F-B66F9BA475E6}.Debug|Any CPU.Build.0 = Debug|Any CPU
		{8347FE85-DC4E-4E79-911F-B66F9BA475E6}.Release|Any CPU.ActiveCfg = Release|Any CPU
		{8347FE85-DC4E-4E79-911F-B66F9BA475E6}.Release|Any CPU.Build.0 = Release|Any CPU
	EndGlobalSection
	GlobalSection(SolutionProperties) = preSolution
		HideSolutionNode = FALSE
	EndGlobalSection
	GlobalSection(ExtensibilityGlobals) = postSolution
		SolutionGuid = {982A64AC-A3FB-45CA-878B-57E4FB0CF754}
	EndGlobalSection
EndGlobal
